// !$*UTF8*$!
{
	archiveVersion = 1;
	classes = {
	};
	objectVersion = 51;
	objects = {

/* Begin PBXBuildFile section */
		3B6EEC4BB2D3F31E7DC30009 /* Pods_Party_Supplies_Party_SuppliesUITests.framework in Frameworks */ = {isa = PBXBuildFile; fileRef = 2FC9CEA7CE68D63F84FADC3C /* Pods_Party_Supplies_Party_SuppliesUITests.framework */; };
		651CFA89255F37570006F5E6 /* FriendsTableViewCell.swift in Sources */ = {isa = PBXBuildFile; fileRef = 651CFA88255F37570006F5E6 /* FriendsTableViewCell.swift */; };
		651CFA99255F3AD40006F5E6 /* FriendsScreenViewController.swift in Sources */ = {isa = PBXBuildFile; fileRef = 651CFA98255F3AD40006F5E6 /* FriendsScreenViewController.swift */; };
		652D7D32255F1DFC0086EF3C /* YourProfileViewController.swift in Sources */ = {isa = PBXBuildFile; fileRef = 652D7D31255F1DFC0086EF3C /* YourProfileViewController.swift */; };
		653C1D5D256044B20005F2EA /* AddFriendsTableViewCell.swift in Sources */ = {isa = PBXBuildFile; fileRef = 653C1D5C256044B20005F2EA /* AddFriendsTableViewCell.swift */; };
		653C1D6B256045D40005F2EA /* AddFriendsViewController.swift in Sources */ = {isa = PBXBuildFile; fileRef = 653C1D6A256045D40005F2EA /* AddFriendsViewController.swift */; };
		653C1D702560532C0005F2EA /* FriendRequestsViewController.swift in Sources */ = {isa = PBXBuildFile; fileRef = 653C1D6F2560532C0005F2EA /* FriendRequestsViewController.swift */; };
		653C1D75256055390005F2EA /* FriendRequestTableViewCell.swift in Sources */ = {isa = PBXBuildFile; fileRef = 653C1D74256055390005F2EA /* FriendRequestTableViewCell.swift */; };
		657529DE2571BDDD000D3222 /* YourPartiesViewController.swift in Sources */ = {isa = PBXBuildFile; fileRef = 657529DD2571BDDD000D3222 /* YourPartiesViewController.swift */; };
		657529E32571BE96000D3222 /* YourPartiesTableViewCell.swift in Sources */ = {isa = PBXBuildFile; fileRef = 657529E22571BE96000D3222 /* YourPartiesTableViewCell.swift */; };
		657529EB257C723B000D3222 /* PartySuppliesTableViewCell.swift in Sources */ = {isa = PBXBuildFile; fileRef = 657529EA257C723B000D3222 /* PartySuppliesTableViewCell.swift */; };
		657529F0257C7EA3000D3222 /* AddSuppliesViewController.swift in Sources */ = {isa = PBXBuildFile; fileRef = 657529EF257C7EA3000D3222 /* AddSuppliesViewController.swift */; };
		65D336FF2571AEAE00569CED /* NewPartyViewController.swift in Sources */ = {isa = PBXBuildFile; fileRef = 65D336FE2571AEAE00569CED /* NewPartyViewController.swift */; };
		7099630841F11C320D4E045C /* Pods_Party_SuppliesTests.framework in Frameworks */ = {isa = PBXBuildFile; fileRef = 891FE08825AD6691932341B1 /* Pods_Party_SuppliesTests.framework */; };
		B90486F2120DD63F46D6A578 /* Pods_Party_Supplies.framework in Frameworks */ = {isa = PBXBuildFile; fileRef = 955F6A16015C37D0CD0D0597 /* Pods_Party_Supplies.framework */; };
		E952BF22255B56E3005508EE /* New_Party.storyboard in Resources */ = {isa = PBXBuildFile; fileRef = E952BF21255B56E3005508EE /* New_Party.storyboard */; };
		E952BF2A255B5FCF005508EE /* OLD_New_Party_ViewController.swift in Sources */ = {isa = PBXBuildFile; fileRef = E952BF29255B5FCF005508EE /* OLD_New_Party_ViewController.swift */; };
		E9B8CDDA25721044001A217E /* PartyDetailsViewController.swift in Sources */ = {isa = PBXBuildFile; fileRef = E9B8CDD925721044001A217E /* PartyDetailsViewController.swift */; };
		E9F52FC625520F320069243B /* AppDelegate.swift in Sources */ = {isa = PBXBuildFile; fileRef = E9F52FC525520F320069243B /* AppDelegate.swift */; };
		E9F52FC825520F320069243B /* SceneDelegate.swift in Sources */ = {isa = PBXBuildFile; fileRef = E9F52FC725520F320069243B /* SceneDelegate.swift */; };
		E9F52FCA25520F320069243B /* ViewController.swift in Sources */ = {isa = PBXBuildFile; fileRef = E9F52FC925520F320069243B /* ViewController.swift */; };
		E9F52FCD25520F320069243B /* Main.storyboard in Resources */ = {isa = PBXBuildFile; fileRef = E9F52FCB25520F320069243B /* Main.storyboard */; };
		E9F52FCF25520F330069243B /* Assets.xcassets in Resources */ = {isa = PBXBuildFile; fileRef = E9F52FCE25520F330069243B /* Assets.xcassets */; };
		E9F52FD225520F330069243B /* LaunchScreen.storyboard in Resources */ = {isa = PBXBuildFile; fileRef = E9F52FD025520F330069243B /* LaunchScreen.storyboard */; };
		E9F52FDD25520F340069243B /* Party_SuppliesTests.swift in Sources */ = {isa = PBXBuildFile; fileRef = E9F52FDC25520F340069243B /* Party_SuppliesTests.swift */; };
		E9F52FE825520F340069243B /* Party_SuppliesUITests.swift in Sources */ = {isa = PBXBuildFile; fileRef = E9F52FE725520F340069243B /* Party_SuppliesUITests.swift */; };
		E9F53002255215990069243B /* Sign_In_ViewController.swift in Sources */ = {isa = PBXBuildFile; fileRef = E9F53001255215990069243B /* Sign_In_ViewController.swift */; };
/* End PBXBuildFile section */

/* Begin PBXContainerItemProxy section */
		E9F52FD925520F340069243B /* PBXContainerItemProxy */ = {
			isa = PBXContainerItemProxy;
			containerPortal = E9F52FBA25520F320069243B /* Project object */;
			proxyType = 1;
			remoteGlobalIDString = E9F52FC125520F320069243B;
			remoteInfo = "Party Supplies";
		};
		E9F52FE425520F340069243B /* PBXContainerItemProxy */ = {
			isa = PBXContainerItemProxy;
			containerPortal = E9F52FBA25520F320069243B /* Project object */;
			proxyType = 1;
			remoteGlobalIDString = E9F52FC125520F320069243B;
			remoteInfo = "Party Supplies";
		};
/* End PBXContainerItemProxy section */

/* Begin PBXFileReference section */
		0345E0B9359BFBE1B8582973 /* Pods-Party Supplies.release.xcconfig */ = {isa = PBXFileReference; includeInIndex = 1; lastKnownFileType = text.xcconfig; name = "Pods-Party Supplies.release.xcconfig"; path = "Target Support Files/Pods-Party Supplies/Pods-Party Supplies.release.xcconfig"; sourceTree = "<group>"; };
		2FC9CEA7CE68D63F84FADC3C /* Pods_Party_Supplies_Party_SuppliesUITests.framework */ = {isa = PBXFileReference; explicitFileType = wrapper.framework; includeInIndex = 0; path = Pods_Party_Supplies_Party_SuppliesUITests.framework; sourceTree = BUILT_PRODUCTS_DIR; };
		3D8119B34641EDA8133362DF /* Pods-Party SuppliesTests.release.xcconfig */ = {isa = PBXFileReference; includeInIndex = 1; lastKnownFileType = text.xcconfig; name = "Pods-Party SuppliesTests.release.xcconfig"; path = "Target Support Files/Pods-Party SuppliesTests/Pods-Party SuppliesTests.release.xcconfig"; sourceTree = "<group>"; };
		46C5DB3C2D145B9C95E8E61F /* Pods-Party Supplies-Party SuppliesUITests.debug.xcconfig */ = {isa = PBXFileReference; includeInIndex = 1; lastKnownFileType = text.xcconfig; name = "Pods-Party Supplies-Party SuppliesUITests.debug.xcconfig"; path = "Target Support Files/Pods-Party Supplies-Party SuppliesUITests/Pods-Party Supplies-Party SuppliesUITests.debug.xcconfig"; sourceTree = "<group>"; };
		60430441FC48729BDBCE0610 /* Pods-Party Supplies.debug.xcconfig */ = {isa = PBXFileReference; includeInIndex = 1; lastKnownFileType = text.xcconfig; name = "Pods-Party Supplies.debug.xcconfig"; path = "Target Support Files/Pods-Party Supplies/Pods-Party Supplies.debug.xcconfig"; sourceTree = "<group>"; };
		60C89AE72E4213645A8D9C02 /* Pods-Party Supplies-Party SuppliesUITests.release.xcconfig */ = {isa = PBXFileReference; includeInIndex = 1; lastKnownFileType = text.xcconfig; name = "Pods-Party Supplies-Party SuppliesUITests.release.xcconfig"; path = "Target Support Files/Pods-Party Supplies-Party SuppliesUITests/Pods-Party Supplies-Party SuppliesUITests.release.xcconfig"; sourceTree = "<group>"; };
		651CFA88255F37570006F5E6 /* FriendsTableViewCell.swift */ = {isa = PBXFileReference; lastKnownFileType = sourcecode.swift; path = FriendsTableViewCell.swift; sourceTree = "<group>"; };
		651CFA98255F3AD40006F5E6 /* FriendsScreenViewController.swift */ = {isa = PBXFileReference; lastKnownFileType = sourcecode.swift; path = FriendsScreenViewController.swift; sourceTree = "<group>"; };
		652D7D31255F1DFC0086EF3C /* YourProfileViewController.swift */ = {isa = PBXFileReference; lastKnownFileType = sourcecode.swift; path = YourProfileViewController.swift; sourceTree = "<group>"; };
		653C1D5C256044B20005F2EA /* AddFriendsTableViewCell.swift */ = {isa = PBXFileReference; lastKnownFileType = sourcecode.swift; path = AddFriendsTableViewCell.swift; sourceTree = "<group>"; };
		653C1D6A256045D40005F2EA /* AddFriendsViewController.swift */ = {isa = PBXFileReference; lastKnownFileType = sourcecode.swift; path = AddFriendsViewController.swift; sourceTree = "<group>"; };
		653C1D6F2560532C0005F2EA /* FriendRequestsViewController.swift */ = {isa = PBXFileReference; lastKnownFileType = sourcecode.swift; path = FriendRequestsViewController.swift; sourceTree = "<group>"; };
		653C1D74256055390005F2EA /* FriendRequestTableViewCell.swift */ = {isa = PBXFileReference; lastKnownFileType = sourcecode.swift; path = FriendRequestTableViewCell.swift; sourceTree = "<group>"; };
		657529DD2571BDDD000D3222 /* YourPartiesViewController.swift */ = {isa = PBXFileReference; lastKnownFileType = sourcecode.swift; path = YourPartiesViewController.swift; sourceTree = "<group>"; };
		657529E22571BE96000D3222 /* YourPartiesTableViewCell.swift */ = {isa = PBXFileReference; lastKnownFileType = sourcecode.swift; path = YourPartiesTableViewCell.swift; sourceTree = "<group>"; };
		657529EA257C723B000D3222 /* PartySuppliesTableViewCell.swift */ = {isa = PBXFileReference; lastKnownFileType = sourcecode.swift; path = PartySuppliesTableViewCell.swift; sourceTree = "<group>"; };
		657529EF257C7EA3000D3222 /* AddSuppliesViewController.swift */ = {isa = PBXFileReference; lastKnownFileType = sourcecode.swift; path = AddSuppliesViewController.swift; sourceTree = "<group>"; };
		65D336FE2571AEAE00569CED /* NewPartyViewController.swift */ = {isa = PBXFileReference; lastKnownFileType = sourcecode.swift; path = NewPartyViewController.swift; sourceTree = "<group>"; };
		891FE08825AD6691932341B1 /* Pods_Party_SuppliesTests.framework */ = {isa = PBXFileReference; explicitFileType = wrapper.framework; includeInIndex = 0; path = Pods_Party_SuppliesTests.framework; sourceTree = BUILT_PRODUCTS_DIR; };
		955F6A16015C37D0CD0D0597 /* Pods_Party_Supplies.framework */ = {isa = PBXFileReference; explicitFileType = wrapper.framework; includeInIndex = 0; path = Pods_Party_Supplies.framework; sourceTree = BUILT_PRODUCTS_DIR; };
		BA72674CC66D7FC37BAEDB64 /* Pods-Party SuppliesTests.debug.xcconfig */ = {isa = PBXFileReference; includeInIndex = 1; lastKnownFileType = text.xcconfig; name = "Pods-Party SuppliesTests.debug.xcconfig"; path = "Target Support Files/Pods-Party SuppliesTests/Pods-Party SuppliesTests.debug.xcconfig"; sourceTree = "<group>"; };
		E952BF21255B56E3005508EE /* New_Party.storyboard */ = {isa = PBXFileReference; lastKnownFileType = file.storyboard; path = New_Party.storyboard; sourceTree = "<group>"; };
		E952BF29255B5FCF005508EE /* OLD_New_Party_ViewController.swift */ = {isa = PBXFileReference; lastKnownFileType = sourcecode.swift; path = OLD_New_Party_ViewController.swift; sourceTree = "<group>"; };
		E9B8CDD925721044001A217E /* PartyDetailsViewController.swift */ = {isa = PBXFileReference; lastKnownFileType = sourcecode.swift; path = PartyDetailsViewController.swift; sourceTree = "<group>"; };
		E9F52FC225520F320069243B /* Party Supplies.app */ = {isa = PBXFileReference; explicitFileType = wrapper.application; includeInIndex = 0; path = "Party Supplies.app"; sourceTree = BUILT_PRODUCTS_DIR; };
		E9F52FC525520F320069243B /* AppDelegate.swift */ = {isa = PBXFileReference; lastKnownFileType = sourcecode.swift; path = AppDelegate.swift; sourceTree = "<group>"; };
		E9F52FC725520F320069243B /* SceneDelegate.swift */ = {isa = PBXFileReference; lastKnownFileType = sourcecode.swift; path = SceneDelegate.swift; sourceTree = "<group>"; };
		E9F52FC925520F320069243B /* ViewController.swift */ = {isa = PBXFileReference; lastKnownFileType = sourcecode.swift; path = ViewController.swift; sourceTree = "<group>"; };
		E9F52FCC25520F320069243B /* Base */ = {isa = PBXFileReference; lastKnownFileType = file.storyboard; name = Base; path = Base.lproj/Main.storyboard; sourceTree = "<group>"; };
		E9F52FCE25520F330069243B /* Assets.xcassets */ = {isa = PBXFileReference; lastKnownFileType = folder.assetcatalog; path = Assets.xcassets; sourceTree = "<group>"; };
		E9F52FD125520F330069243B /* Base */ = {isa = PBXFileReference; lastKnownFileType = file.storyboard; name = Base; path = Base.lproj/LaunchScreen.storyboard; sourceTree = "<group>"; };
		E9F52FD325520F330069243B /* Info.plist */ = {isa = PBXFileReference; lastKnownFileType = text.plist.xml; path = Info.plist; sourceTree = "<group>"; };
		E9F52FD825520F340069243B /* Party SuppliesTests.xctest */ = {isa = PBXFileReference; explicitFileType = wrapper.cfbundle; includeInIndex = 0; path = "Party SuppliesTests.xctest"; sourceTree = BUILT_PRODUCTS_DIR; };
		E9F52FDC25520F340069243B /* Party_SuppliesTests.swift */ = {isa = PBXFileReference; lastKnownFileType = sourcecode.swift; path = Party_SuppliesTests.swift; sourceTree = "<group>"; };
		E9F52FDE25520F340069243B /* Info.plist */ = {isa = PBXFileReference; lastKnownFileType = text.plist.xml; path = Info.plist; sourceTree = "<group>"; };
		E9F52FE325520F340069243B /* Party SuppliesUITests.xctest */ = {isa = PBXFileReference; explicitFileType = wrapper.cfbundle; includeInIndex = 0; path = "Party SuppliesUITests.xctest"; sourceTree = BUILT_PRODUCTS_DIR; };
		E9F52FE725520F340069243B /* Party_SuppliesUITests.swift */ = {isa = PBXFileReference; lastKnownFileType = sourcecode.swift; path = Party_SuppliesUITests.swift; sourceTree = "<group>"; };
		E9F52FE925520F340069243B /* Info.plist */ = {isa = PBXFileReference; lastKnownFileType = text.plist.xml; path = Info.plist; sourceTree = "<group>"; };
		E9F53001255215990069243B /* Sign_In_ViewController.swift */ = {isa = PBXFileReference; lastKnownFileType = sourcecode.swift; path = Sign_In_ViewController.swift; sourceTree = "<group>"; };
/* End PBXFileReference section */

/* Begin PBXFrameworksBuildPhase section */
		E9F52FBF25520F320069243B /* Frameworks */ = {
			isa = PBXFrameworksBuildPhase;
			buildActionMask = 2147483647;
			files = (
				B90486F2120DD63F46D6A578 /* Pods_Party_Supplies.framework in Frameworks */,
			);
			runOnlyForDeploymentPostprocessing = 0;
		};
		E9F52FD525520F340069243B /* Frameworks */ = {
			isa = PBXFrameworksBuildPhase;
			buildActionMask = 2147483647;
			files = (
				7099630841F11C320D4E045C /* Pods_Party_SuppliesTests.framework in Frameworks */,
			);
			runOnlyForDeploymentPostprocessing = 0;
		};
		E9F52FE025520F340069243B /* Frameworks */ = {
			isa = PBXFrameworksBuildPhase;
			buildActionMask = 2147483647;
			files = (
				3B6EEC4BB2D3F31E7DC30009 /* Pods_Party_Supplies_Party_SuppliesUITests.framework in Frameworks */,
			);
			runOnlyForDeploymentPostprocessing = 0;
		};
/* End PBXFrameworksBuildPhase section */

/* Begin PBXGroup section */
		653C1D502560428A0005F2EA /* Friends Cells */ = {
			isa = PBXGroup;
			children = (
				651CFA88255F37570006F5E6 /* FriendsTableViewCell.swift */,
				653C1D5C256044B20005F2EA /* AddFriendsTableViewCell.swift */,
				653C1D74256055390005F2EA /* FriendRequestTableViewCell.swift */,
			);
			name = "Friends Cells";
			sourceTree = "<group>";
		};
		7069CC782C01CCEA45FAE67A /* Frameworks */ = {
			isa = PBXGroup;
			children = (
				955F6A16015C37D0CD0D0597 /* Pods_Party_Supplies.framework */,
				2FC9CEA7CE68D63F84FADC3C /* Pods_Party_Supplies_Party_SuppliesUITests.framework */,
				891FE08825AD6691932341B1 /* Pods_Party_SuppliesTests.framework */,
			);
			name = Frameworks;
			sourceTree = "<group>";
		};
		96107A39CF46FCB54D17D63B /* Pods */ = {
			isa = PBXGroup;
			children = (
				60430441FC48729BDBCE0610 /* Pods-Party Supplies.debug.xcconfig */,
				0345E0B9359BFBE1B8582973 /* Pods-Party Supplies.release.xcconfig */,
				46C5DB3C2D145B9C95E8E61F /* Pods-Party Supplies-Party SuppliesUITests.debug.xcconfig */,
				60C89AE72E4213645A8D9C02 /* Pods-Party Supplies-Party SuppliesUITests.release.xcconfig */,
				BA72674CC66D7FC37BAEDB64 /* Pods-Party SuppliesTests.debug.xcconfig */,
				3D8119B34641EDA8133362DF /* Pods-Party SuppliesTests.release.xcconfig */,
			);
			path = Pods;
			sourceTree = "<group>";
		};
		E9F52FB925520F320069243B = {
			isa = PBXGroup;
			children = (
				E9F52FC425520F320069243B /* Party Supplies */,
				E9F52FDB25520F340069243B /* Party SuppliesTests */,
				E9F52FE625520F340069243B /* Party SuppliesUITests */,
				E9F52FC325520F320069243B /* Products */,
				96107A39CF46FCB54D17D63B /* Pods */,
				7069CC782C01CCEA45FAE67A /* Frameworks */,
			);
			sourceTree = "<group>";
		};
		E9F52FC325520F320069243B /* Products */ = {
			isa = PBXGroup;
			children = (
				E9F52FC225520F320069243B /* Party Supplies.app */,
				E9F52FD825520F340069243B /* Party SuppliesTests.xctest */,
				E9F52FE325520F340069243B /* Party SuppliesUITests.xctest */,
			);
			name = Products;
			sourceTree = "<group>";
		};
		E9F52FC425520F320069243B /* Party Supplies */ = {
			isa = PBXGroup;
			children = (
				653C1D502560428A0005F2EA /* Friends Cells */,
				E9F52FCB25520F320069243B /* Main.storyboard */,
				657529EA257C723B000D3222 /* PartySuppliesTableViewCell.swift */,
				657529E22571BE96000D3222 /* YourPartiesTableViewCell.swift */,
				657529DD2571BDDD000D3222 /* YourPartiesViewController.swift */,
				653C1D6F2560532C0005F2EA /* FriendRequestsViewController.swift */,
				653C1D6A256045D40005F2EA /* AddFriendsViewController.swift */,
				651CFA98255F3AD40006F5E6 /* FriendsScreenViewController.swift */,
				652D7D31255F1DFC0086EF3C /* YourProfileViewController.swift */,
				E952BF21255B56E3005508EE /* New_Party.storyboard */,
				E9F52FD025520F330069243B /* LaunchScreen.storyboard */,
				E9F52FC525520F320069243B /* AppDelegate.swift */,
				E9F52FC725520F320069243B /* SceneDelegate.swift */,
				65D336FE2571AEAE00569CED /* NewPartyViewController.swift */,
				E952BF29255B5FCF005508EE /* OLD_New_Party_ViewController.swift */,
				E9F52FC925520F320069243B /* ViewController.swift */,
				E9F53001255215990069243B /* Sign_In_ViewController.swift */,
				E9F52FCE25520F330069243B /* Assets.xcassets */,
				E9F52FD325520F330069243B /* Info.plist */,
				E9B8CDD925721044001A217E /* PartyDetailsViewController.swift */,
				657529EF257C7EA3000D3222 /* AddSuppliesViewController.swift */,
			);
			path = "Party Supplies";
			sourceTree = "<group>";
		};
		E9F52FDB25520F340069243B /* Party SuppliesTests */ = {
			isa = PBXGroup;
			children = (
				E9F52FDC25520F340069243B /* Party_SuppliesTests.swift */,
				E9F52FDE25520F340069243B /* Info.plist */,
			);
			path = "Party SuppliesTests";
			sourceTree = "<group>";
		};
		E9F52FE625520F340069243B /* Party SuppliesUITests */ = {
			isa = PBXGroup;
			children = (
				E9F52FE725520F340069243B /* Party_SuppliesUITests.swift */,
				E9F52FE925520F340069243B /* Info.plist */,
			);
			path = "Party SuppliesUITests";
			sourceTree = "<group>";
		};
/* End PBXGroup section */

/* Begin PBXNativeTarget section */
		E9F52FC125520F320069243B /* Party Supplies */ = {
			isa = PBXNativeTarget;
			buildConfigurationList = E9F52FEC25520F340069243B /* Build configuration list for PBXNativeTarget "Party Supplies" */;
			buildPhases = (
				9995865A8B411877E365A9A8 /* [CP] Check Pods Manifest.lock */,
				E9F52FBE25520F320069243B /* Sources */,
				E9F52FBF25520F320069243B /* Frameworks */,
				E9F52FC025520F320069243B /* Resources */,
				C8BF8058DA275F02A5C8BEC9 /* [CP] Embed Pods Frameworks */,
			);
			buildRules = (
			);
			dependencies = (
			);
			name = "Party Supplies";
			productName = "Party Supplies";
			productReference = E9F52FC225520F320069243B /* Party Supplies.app */;
			productType = "com.apple.product-type.application";
		};
		E9F52FD725520F340069243B /* Party SuppliesTests */ = {
			isa = PBXNativeTarget;
			buildConfigurationList = E9F52FEF25520F340069243B /* Build configuration list for PBXNativeTarget "Party SuppliesTests" */;
			buildPhases = (
				C748BB3241A3EFD5E50A4381 /* [CP] Check Pods Manifest.lock */,
				E9F52FD425520F340069243B /* Sources */,
				E9F52FD525520F340069243B /* Frameworks */,
				E9F52FD625520F340069243B /* Resources */,
			);
			buildRules = (
			);
			dependencies = (
				E9F52FDA25520F340069243B /* PBXTargetDependency */,
			);
			name = "Party SuppliesTests";
			productName = "Party SuppliesTests";
			productReference = E9F52FD825520F340069243B /* Party SuppliesTests.xctest */;
			productType = "com.apple.product-type.bundle.unit-test";
		};
		E9F52FE225520F340069243B /* Party SuppliesUITests */ = {
			isa = PBXNativeTarget;
			buildConfigurationList = E9F52FF225520F340069243B /* Build configuration list for PBXNativeTarget "Party SuppliesUITests" */;
			buildPhases = (
				14A5C49F8C78944DE1D3DDB3 /* [CP] Check Pods Manifest.lock */,
				E9F52FDF25520F340069243B /* Sources */,
				E9F52FE025520F340069243B /* Frameworks */,
				E9F52FE125520F340069243B /* Resources */,
				7573B94D385BD24302AB54C0 /* [CP] Embed Pods Frameworks */,
			);
			buildRules = (
			);
			dependencies = (
				E9F52FE525520F340069243B /* PBXTargetDependency */,
			);
			name = "Party SuppliesUITests";
			productName = "Party SuppliesUITests";
			productReference = E9F52FE325520F340069243B /* Party SuppliesUITests.xctest */;
			productType = "com.apple.product-type.bundle.ui-testing";
		};
/* End PBXNativeTarget section */

/* Begin PBXProject section */
		E9F52FBA25520F320069243B /* Project object */ = {
			isa = PBXProject;
			attributes = {
				LastSwiftUpdateCheck = 1210;
				LastUpgradeCheck = 1210;
				TargetAttributes = {
					E9F52FC125520F320069243B = {
						CreatedOnToolsVersion = 12.1;
					};
					E9F52FD725520F340069243B = {
						CreatedOnToolsVersion = 12.1;
						TestTargetID = E9F52FC125520F320069243B;
					};
					E9F52FE225520F340069243B = {
						CreatedOnToolsVersion = 12.1;
						TestTargetID = E9F52FC125520F320069243B;
					};
				};
			};
			buildConfigurationList = E9F52FBD25520F320069243B /* Build configuration list for PBXProject "Party Supplies" */;
			compatibilityVersion = "Xcode 9.3";
			developmentRegion = en;
			hasScannedForEncodings = 0;
			knownRegions = (
				en,
				Base,
			);
			mainGroup = E9F52FB925520F320069243B;
			productRefGroup = E9F52FC325520F320069243B /* Products */;
			projectDirPath = "";
			projectRoot = "";
			targets = (
				E9F52FC125520F320069243B /* Party Supplies */,
				E9F52FD725520F340069243B /* Party SuppliesTests */,
				E9F52FE225520F340069243B /* Party SuppliesUITests */,
			);
		};
/* End PBXProject section */

/* Begin PBXResourcesBuildPhase section */
		E9F52FC025520F320069243B /* Resources */ = {
			isa = PBXResourcesBuildPhase;
			buildActionMask = 2147483647;
			files = (
				E952BF22255B56E3005508EE /* New_Party.storyboard in Resources */,
				E9F52FD225520F330069243B /* LaunchScreen.storyboard in Resources */,
				E9F52FCF25520F330069243B /* Assets.xcassets in Resources */,
				E9F52FCD25520F320069243B /* Main.storyboard in Resources */,
			);
			runOnlyForDeploymentPostprocessing = 0;
		};
		E9F52FD625520F340069243B /* Resources */ = {
			isa = PBXResourcesBuildPhase;
			buildActionMask = 2147483647;
			files = (
			);
			runOnlyForDeploymentPostprocessing = 0;
		};
		E9F52FE125520F340069243B /* Resources */ = {
			isa = PBXResourcesBuildPhase;
			buildActionMask = 2147483647;
			files = (
			);
			runOnlyForDeploymentPostprocessing = 0;
		};
/* End PBXResourcesBuildPhase section */

/* Begin PBXShellScriptBuildPhase section */
		14A5C49F8C78944DE1D3DDB3 /* [CP] Check Pods Manifest.lock */ = {
			isa = PBXShellScriptBuildPhase;
			buildActionMask = 2147483647;
			files = (
			);
			inputFileListPaths = (
			);
			inputPaths = (
				"${PODS_PODFILE_DIR_PATH}/Podfile.lock",
				"${PODS_ROOT}/Manifest.lock",
			);
			name = "[CP] Check Pods Manifest.lock";
			outputFileListPaths = (
			);
			outputPaths = (
				"$(DERIVED_FILE_DIR)/Pods-Party Supplies-Party SuppliesUITests-checkManifestLockResult.txt",
			);
			runOnlyForDeploymentPostprocessing = 0;
			shellPath = /bin/sh;
			shellScript = "diff \"${PODS_PODFILE_DIR_PATH}/Podfile.lock\" \"${PODS_ROOT}/Manifest.lock\" > /dev/null\nif [ $? != 0 ] ; then\n    # print error to STDERR\n    echo \"error: The sandbox is not in sync with the Podfile.lock. Run 'pod install' or update your CocoaPods installation.\" >&2\n    exit 1\nfi\n# This output is used by Xcode 'outputs' to avoid re-running this script phase.\necho \"SUCCESS\" > \"${SCRIPT_OUTPUT_FILE_0}\"\n";
			showEnvVarsInLog = 0;
		};
		7573B94D385BD24302AB54C0 /* [CP] Embed Pods Frameworks */ = {
			isa = PBXShellScriptBuildPhase;
			buildActionMask = 2147483647;
			files = (
			);
			inputFileListPaths = (
				"${PODS_ROOT}/Target Support Files/Pods-Party Supplies-Party SuppliesUITests/Pods-Party Supplies-Party SuppliesUITests-frameworks-${CONFIGURATION}-input-files.xcfilelist",
			);
			name = "[CP] Embed Pods Frameworks";
			outputFileListPaths = (
				"${PODS_ROOT}/Target Support Files/Pods-Party Supplies-Party SuppliesUITests/Pods-Party Supplies-Party SuppliesUITests-frameworks-${CONFIGURATION}-output-files.xcfilelist",
			);
			runOnlyForDeploymentPostprocessing = 0;
			shellPath = /bin/sh;
			shellScript = "\"${PODS_ROOT}/Target Support Files/Pods-Party Supplies-Party SuppliesUITests/Pods-Party Supplies-Party SuppliesUITests-frameworks.sh\"\n";
			showEnvVarsInLog = 0;
		};
		9995865A8B411877E365A9A8 /* [CP] Check Pods Manifest.lock */ = {
			isa = PBXShellScriptBuildPhase;
			buildActionMask = 2147483647;
			files = (
			);
			inputFileListPaths = (
			);
			inputPaths = (
				"${PODS_PODFILE_DIR_PATH}/Podfile.lock",
				"${PODS_ROOT}/Manifest.lock",
			);
			name = "[CP] Check Pods Manifest.lock";
			outputFileListPaths = (
			);
			outputPaths = (
				"$(DERIVED_FILE_DIR)/Pods-Party Supplies-checkManifestLockResult.txt",
			);
			runOnlyForDeploymentPostprocessing = 0;
			shellPath = /bin/sh;
			shellScript = "diff \"${PODS_PODFILE_DIR_PATH}/Podfile.lock\" \"${PODS_ROOT}/Manifest.lock\" > /dev/null\nif [ $? != 0 ] ; then\n    # print error to STDERR\n    echo \"error: The sandbox is not in sync with the Podfile.lock. Run 'pod install' or update your CocoaPods installation.\" >&2\n    exit 1\nfi\n# This output is used by Xcode 'outputs' to avoid re-running this script phase.\necho \"SUCCESS\" > \"${SCRIPT_OUTPUT_FILE_0}\"\n";
			showEnvVarsInLog = 0;
		};
		C748BB3241A3EFD5E50A4381 /* [CP] Check Pods Manifest.lock */ = {
			isa = PBXShellScriptBuildPhase;
			buildActionMask = 2147483647;
			files = (
			);
			inputFileListPaths = (
			);
			inputPaths = (
				"${PODS_PODFILE_DIR_PATH}/Podfile.lock",
				"${PODS_ROOT}/Manifest.lock",
			);
			name = "[CP] Check Pods Manifest.lock";
			outputFileListPaths = (
			);
			outputPaths = (
				"$(DERIVED_FILE_DIR)/Pods-Party SuppliesTests-checkManifestLockResult.txt",
			);
			runOnlyForDeploymentPostprocessing = 0;
			shellPath = /bin/sh;
			shellScript = "diff \"${PODS_PODFILE_DIR_PATH}/Podfile.lock\" \"${PODS_ROOT}/Manifest.lock\" > /dev/null\nif [ $? != 0 ] ; then\n    # print error to STDERR\n    echo \"error: The sandbox is not in sync with the Podfile.lock. Run 'pod install' or update your CocoaPods installation.\" >&2\n    exit 1\nfi\n# This output is used by Xcode 'outputs' to avoid re-running this script phase.\necho \"SUCCESS\" > \"${SCRIPT_OUTPUT_FILE_0}\"\n";
			showEnvVarsInLog = 0;
		};
		C8BF8058DA275F02A5C8BEC9 /* [CP] Embed Pods Frameworks */ = {
			isa = PBXShellScriptBuildPhase;
			buildActionMask = 2147483647;
			files = (
			);
			inputFileListPaths = (
				"${PODS_ROOT}/Target Support Files/Pods-Party Supplies/Pods-Party Supplies-frameworks-${CONFIGURATION}-input-files.xcfilelist",
			);
			name = "[CP] Embed Pods Frameworks";
			outputFileListPaths = (
				"${PODS_ROOT}/Target Support Files/Pods-Party Supplies/Pods-Party Supplies-frameworks-${CONFIGURATION}-output-files.xcfilelist",
			);
			runOnlyForDeploymentPostprocessing = 0;
			shellPath = /bin/sh;
			shellScript = "\"${PODS_ROOT}/Target Support Files/Pods-Party Supplies/Pods-Party Supplies-frameworks.sh\"\n";
			showEnvVarsInLog = 0;
		};
/* End PBXShellScriptBuildPhase section */

/* Begin PBXSourcesBuildPhase section */
		E9F52FBE25520F320069243B /* Sources */ = {
			isa = PBXSourcesBuildPhase;
			buildActionMask = 2147483647;
			files = (
				E9B8CDDA25721044001A217E /* PartyDetailsViewController.swift in Sources */,
				E9F53002255215990069243B /* Sign_In_ViewController.swift in Sources */,
				E952BF2A255B5FCF005508EE /* OLD_New_Party_ViewController.swift in Sources */,
				651CFA99255F3AD40006F5E6 /* FriendsScreenViewController.swift in Sources */,
				657529E32571BE96000D3222 /* YourPartiesTableViewCell.swift in Sources */,
				657529F0257C7EA3000D3222 /* AddSuppliesViewController.swift in Sources */,
				E9F52FCA25520F320069243B /* ViewController.swift in Sources */,
				651CFA89255F37570006F5E6 /* FriendsTableViewCell.swift in Sources */,
				657529EB257C723B000D3222 /* PartySuppliesTableViewCell.swift in Sources */,
				652D7D32255F1DFC0086EF3C /* YourProfileViewController.swift in Sources */,
				653C1D75256055390005F2EA /* FriendRequestTableViewCell.swift in Sources */,
				65D336FF2571AEAE00569CED /* NewPartyViewController.swift in Sources */,
				653C1D6B256045D40005F2EA /* AddFriendsViewController.swift in Sources */,
				E9F52FC625520F320069243B /* AppDelegate.swift in Sources */,
				657529DE2571BDDD000D3222 /* YourPartiesViewController.swift in Sources */,
				E9F52FC825520F320069243B /* SceneDelegate.swift in Sources */,
				653C1D702560532C0005F2EA /* FriendRequestsViewController.swift in Sources */,
				653C1D5D256044B20005F2EA /* AddFriendsTableViewCell.swift in Sources */,
			);
			runOnlyForDeploymentPostprocessing = 0;
		};
		E9F52FD425520F340069243B /* Sources */ = {
			isa = PBXSourcesBuildPhase;
			buildActionMask = 2147483647;
			files = (
				E9F52FDD25520F340069243B /* Party_SuppliesTests.swift in Sources */,
			);
			runOnlyForDeploymentPostprocessing = 0;
		};
		E9F52FDF25520F340069243B /* Sources */ = {
			isa = PBXSourcesBuildPhase;
			buildActionMask = 2147483647;
			files = (
				E9F52FE825520F340069243B /* Party_SuppliesUITests.swift in Sources */,
			);
			runOnlyForDeploymentPostprocessing = 0;
		};
/* End PBXSourcesBuildPhase section */

/* Begin PBXTargetDependency section */
		E9F52FDA25520F340069243B /* PBXTargetDependency */ = {
			isa = PBXTargetDependency;
			target = E9F52FC125520F320069243B /* Party Supplies */;
			targetProxy = E9F52FD925520F340069243B /* PBXContainerItemProxy */;
		};
		E9F52FE525520F340069243B /* PBXTargetDependency */ = {
			isa = PBXTargetDependency;
			target = E9F52FC125520F320069243B /* Party Supplies */;
			targetProxy = E9F52FE425520F340069243B /* PBXContainerItemProxy */;
		};
/* End PBXTargetDependency section */

/* Begin PBXVariantGroup section */
		E9F52FCB25520F320069243B /* Main.storyboard */ = {
			isa = PBXVariantGroup;
			children = (
				E9F52FCC25520F320069243B /* Base */,
			);
			name = Main.storyboard;
			sourceTree = "<group>";
		};
		E9F52FD025520F330069243B /* LaunchScreen.storyboard */ = {
			isa = PBXVariantGroup;
			children = (
				E9F52FD125520F330069243B /* Base */,
			);
			name = LaunchScreen.storyboard;
			sourceTree = "<group>";
		};
/* End PBXVariantGroup section */

/* Begin XCBuildConfiguration section */
		E9F52FEA25520F340069243B /* Debug */ = {
			isa = XCBuildConfiguration;
			buildSettings = {
				ALWAYS_SEARCH_USER_PATHS = NO;
				CLANG_ANALYZER_NONNULL = YES;
				CLANG_ANALYZER_NUMBER_OBJECT_CONVERSION = YES_AGGRESSIVE;
				CLANG_CXX_LANGUAGE_STANDARD = "gnu++14";
				CLANG_CXX_LIBRARY = "libc++";
				CLANG_ENABLE_MODULES = YES;
				CLANG_ENABLE_OBJC_ARC = YES;
				CLANG_ENABLE_OBJC_WEAK = YES;
				CLANG_WARN_BLOCK_CAPTURE_AUTORELEASING = YES;
				CLANG_WARN_BOOL_CONVERSION = YES;
				CLANG_WARN_COMMA = YES;
				CLANG_WARN_CONSTANT_CONVERSION = YES;
				CLANG_WARN_DEPRECATED_OBJC_IMPLEMENTATIONS = YES;
				CLANG_WARN_DIRECT_OBJC_ISA_USAGE = YES_ERROR;
				CLANG_WARN_DOCUMENTATION_COMMENTS = YES;
				CLANG_WARN_EMPTY_BODY = YES;
				CLANG_WARN_ENUM_CONVERSION = YES;
				CLANG_WARN_INFINITE_RECURSION = YES;
				CLANG_WARN_INT_CONVERSION = YES;
				CLANG_WARN_NON_LITERAL_NULL_CONVERSION = YES;
				CLANG_WARN_OBJC_IMPLICIT_RETAIN_SELF = YES;
				CLANG_WARN_OBJC_LITERAL_CONVERSION = YES;
				CLANG_WARN_OBJC_ROOT_CLASS = YES_ERROR;
				CLANG_WARN_QUOTED_INCLUDE_IN_FRAMEWORK_HEADER = YES;
				CLANG_WARN_RANGE_LOOP_ANALYSIS = YES;
				CLANG_WARN_STRICT_PROTOTYPES = YES;
				CLANG_WARN_SUSPICIOUS_MOVE = YES;
				CLANG_WARN_UNGUARDED_AVAILABILITY = YES_AGGRESSIVE;
				CLANG_WARN_UNREACHABLE_CODE = YES;
				CLANG_WARN__DUPLICATE_METHOD_MATCH = YES;
				COPY_PHASE_STRIP = NO;
				DEBUG_INFORMATION_FORMAT = dwarf;
				ENABLE_STRICT_OBJC_MSGSEND = YES;
				ENABLE_TESTABILITY = YES;
				GCC_C_LANGUAGE_STANDARD = gnu11;
				GCC_DYNAMIC_NO_PIC = NO;
				GCC_NO_COMMON_BLOCKS = YES;
				GCC_OPTIMIZATION_LEVEL = 0;
				GCC_PREPROCESSOR_DEFINITIONS = (
					"DEBUG=1",
					"$(inherited)",
				);
				GCC_WARN_64_TO_32_BIT_CONVERSION = YES;
				GCC_WARN_ABOUT_RETURN_TYPE = YES_ERROR;
				GCC_WARN_UNDECLARED_SELECTOR = YES;
				GCC_WARN_UNINITIALIZED_AUTOS = YES_AGGRESSIVE;
				GCC_WARN_UNUSED_FUNCTION = YES;
				GCC_WARN_UNUSED_VARIABLE = YES;
				IPHONEOS_DEPLOYMENT_TARGET = 14.1;
				MTL_ENABLE_DEBUG_INFO = INCLUDE_SOURCE;
				MTL_FAST_MATH = YES;
				ONLY_ACTIVE_ARCH = YES;
				SDKROOT = iphoneos;
				SWIFT_ACTIVE_COMPILATION_CONDITIONS = DEBUG;
				SWIFT_OPTIMIZATION_LEVEL = "-Onone";
			};
			name = Debug;
		};
		E9F52FEB25520F340069243B /* Release */ = {
			isa = XCBuildConfiguration;
			buildSettings = {
				ALWAYS_SEARCH_USER_PATHS = NO;
				CLANG_ANALYZER_NONNULL = YES;
				CLANG_ANALYZER_NUMBER_OBJECT_CONVERSION = YES_AGGRESSIVE;
				CLANG_CXX_LANGUAGE_STANDARD = "gnu++14";
				CLANG_CXX_LIBRARY = "libc++";
				CLANG_ENABLE_MODULES = YES;
				CLANG_ENABLE_OBJC_ARC = YES;
				CLANG_ENABLE_OBJC_WEAK = YES;
				CLANG_WARN_BLOCK_CAPTURE_AUTORELEASING = YES;
				CLANG_WARN_BOOL_CONVERSION = YES;
				CLANG_WARN_COMMA = YES;
				CLANG_WARN_CONSTANT_CONVERSION = YES;
				CLANG_WARN_DEPRECATED_OBJC_IMPLEMENTATIONS = YES;
				CLANG_WARN_DIRECT_OBJC_ISA_USAGE = YES_ERROR;
				CLANG_WARN_DOCUMENTATION_COMMENTS = YES;
				CLANG_WARN_EMPTY_BODY = YES;
				CLANG_WARN_ENUM_CONVERSION = YES;
				CLANG_WARN_INFINITE_RECURSION = YES;
				CLANG_WARN_INT_CONVERSION = YES;
				CLANG_WARN_NON_LITERAL_NULL_CONVERSION = YES;
				CLANG_WARN_OBJC_IMPLICIT_RETAIN_SELF = YES;
				CLANG_WARN_OBJC_LITERAL_CONVERSION = YES;
				CLANG_WARN_OBJC_ROOT_CLASS = YES_ERROR;
				CLANG_WARN_QUOTED_INCLUDE_IN_FRAMEWORK_HEADER = YES;
				CLANG_WARN_RANGE_LOOP_ANALYSIS = YES;
				CLANG_WARN_STRICT_PROTOTYPES = YES;
				CLANG_WARN_SUSPICIOUS_MOVE = YES;
				CLANG_WARN_UNGUARDED_AVAILABILITY = YES_AGGRESSIVE;
				CLANG_WARN_UNREACHABLE_CODE = YES;
				CLANG_WARN__DUPLICATE_METHOD_MATCH = YES;
				COPY_PHASE_STRIP = NO;
				DEBUG_INFORMATION_FORMAT = "dwarf-with-dsym";
				ENABLE_NS_ASSERTIONS = NO;
				ENABLE_STRICT_OBJC_MSGSEND = YES;
				GCC_C_LANGUAGE_STANDARD = gnu11;
				GCC_NO_COMMON_BLOCKS = YES;
				GCC_WARN_64_TO_32_BIT_CONVERSION = YES;
				GCC_WARN_ABOUT_RETURN_TYPE = YES_ERROR;
				GCC_WARN_UNDECLARED_SELECTOR = YES;
				GCC_WARN_UNINITIALIZED_AUTOS = YES_AGGRESSIVE;
				GCC_WARN_UNUSED_FUNCTION = YES;
				GCC_WARN_UNUSED_VARIABLE = YES;
				IPHONEOS_DEPLOYMENT_TARGET = 14.1;
				MTL_ENABLE_DEBUG_INFO = NO;
				MTL_FAST_MATH = YES;
				SDKROOT = iphoneos;
				SWIFT_COMPILATION_MODE = wholemodule;
				SWIFT_OPTIMIZATION_LEVEL = "-O";
				VALIDATE_PRODUCT = YES;
			};
			name = Release;
		};
		E9F52FED25520F340069243B /* Debug */ = {
			isa = XCBuildConfiguration;
			baseConfigurationReference = 60430441FC48729BDBCE0610 /* Pods-Party Supplies.debug.xcconfig */;
			buildSettings = {
				ASSETCATALOG_COMPILER_APPICON_NAME = AppIcon;
				ASSETCATALOG_COMPILER_GLOBAL_ACCENT_COLOR_NAME = AccentColor;
				CODE_SIGN_STYLE = Automatic;
				INFOPLIST_FILE = "Party Supplies/Info.plist";
				LD_RUNPATH_SEARCH_PATHS = (
					"$(inherited)",
					"@executable_path/Frameworks",
				);
				PRODUCT_BUNDLE_IDENTIFIER = "CodePath.Party-Supplies";
				PRODUCT_NAME = "$(TARGET_NAME)";
				SWIFT_VERSION = 5.0;
				TARGETED_DEVICE_FAMILY = "1,2";
			};
			name = Debug;
		};
		E9F52FEE25520F340069243B /* Release */ = {
			isa = XCBuildConfiguration;
			baseConfigurationReference = 0345E0B9359BFBE1B8582973 /* Pods-Party Supplies.release.xcconfig */;
			buildSettings = {
				ASSETCATALOG_COMPILER_APPICON_NAME = AppIcon;
				ASSETCATALOG_COMPILER_GLOBAL_ACCENT_COLOR_NAME = AccentColor;
				CODE_SIGN_STYLE = Automatic;
				INFOPLIST_FILE = "Party Supplies/Info.plist";
				LD_RUNPATH_SEARCH_PATHS = (
					"$(inherited)",
					"@executable_path/Frameworks",
				);
				PRODUCT_BUNDLE_IDENTIFIER = "CodePath.Party-Supplies";
				PRODUCT_NAME = "$(TARGET_NAME)";
				SWIFT_VERSION = 5.0;
				TARGETED_DEVICE_FAMILY = "1,2";
			};
			name = Release;
		};
		E9F52FF025520F340069243B /* Debug */ = {
			isa = XCBuildConfiguration;
			baseConfigurationReference = BA72674CC66D7FC37BAEDB64 /* Pods-Party SuppliesTests.debug.xcconfig */;
			buildSettings = {
				ALWAYS_EMBED_SWIFT_STANDARD_LIBRARIES = YES;
				BUNDLE_LOADER = "$(TEST_HOST)";
				CODE_SIGN_STYLE = Automatic;
				INFOPLIST_FILE = "Party SuppliesTests/Info.plist";
				IPHONEOS_DEPLOYMENT_TARGET = 14.1;
				LD_RUNPATH_SEARCH_PATHS = (
					"$(inherited)",
					"@executable_path/Frameworks",
					"@loader_path/Frameworks",
				);
				PRODUCT_BUNDLE_IDENTIFIER = "CodePath.Party-SuppliesTests";
				PRODUCT_NAME = "$(TARGET_NAME)";
				SWIFT_VERSION = 5.0;
				TARGETED_DEVICE_FAMILY = "1,2";
				TEST_HOST = "$(BUILT_PRODUCTS_DIR)/Party Supplies.app/Party Supplies";
			};
			name = Debug;
		};
		E9F52FF125520F340069243B /* Release */ = {
			isa = XCBuildConfiguration;
			baseConfigurationReference = 3D8119B34641EDA8133362DF /* Pods-Party SuppliesTests.release.xcconfig */;
			buildSettings = {
				ALWAYS_EMBED_SWIFT_STANDARD_LIBRARIES = YES;
				BUNDLE_LOADER = "$(TEST_HOST)";
				CODE_SIGN_STYLE = Automatic;
				INFOPLIST_FILE = "Party SuppliesTests/Info.plist";
				IPHONEOS_DEPLOYMENT_TARGET = 14.1;
				LD_RUNPATH_SEARCH_PATHS = (
					"$(inherited)",
					"@executable_path/Frameworks",
					"@loader_path/Frameworks",
				);
				PRODUCT_BUNDLE_IDENTIFIER = "CodePath.Party-SuppliesTests";
				PRODUCT_NAME = "$(TARGET_NAME)";
				SWIFT_VERSION = 5.0;
				TARGETED_DEVICE_FAMILY = "1,2";
				TEST_HOST = "$(BUILT_PRODUCTS_DIR)/Party Supplies.app/Party Supplies";
			};
			name = Release;
		};
		E9F52FF325520F340069243B /* Debug */ = {
			isa = XCBuildConfiguration;
			baseConfigurationReference = 46C5DB3C2D145B9C95E8E61F /* Pods-Party Supplies-Party SuppliesUITests.debug.xcconfig */;
			buildSettings = {
				ALWAYS_EMBED_SWIFT_STANDARD_LIBRARIES = YES;
				CODE_SIGN_STYLE = Automatic;
				INFOPLIST_FILE = "Party SuppliesUITests/Info.plist";
				LD_RUNPATH_SEARCH_PATHS = (
					"$(inherited)",
					"@executable_path/Frameworks",
					"@loader_path/Frameworks",
				);
				PRODUCT_BUNDLE_IDENTIFIER = "CodePath.Party-SuppliesUITests";
				PRODUCT_NAME = "$(TARGET_NAME)";
				SWIFT_VERSION = 5.0;
				TARGETED_DEVICE_FAMILY = "1,2";
				TEST_TARGET_NAME = "Party Supplies";
			};
			name = Debug;
		};
		E9F52FF425520F340069243B /* Release */ = {
			isa = XCBuildConfiguration;
			baseConfigurationReference = 60C89AE72E4213645A8D9C02 /* Pods-Party Supplies-Party SuppliesUITests.release.xcconfig */;
			buildSettings = {
				ALWAYS_EMBED_SWIFT_STANDARD_LIBRARIES = YES;
				CODE_SIGN_STYLE = Automatic;
				INFOPLIST_FILE = "Party SuppliesUITests/Info.plist";
				LD_RUNPATH_SEARCH_PATHS = (
					"$(inherited)",
					"@executable_path/Frameworks",
					"@loader_path/Frameworks",
				);
				PRODUCT_BUNDLE_IDENTIFIER = "CodePath.Party-SuppliesUITests";
				PRODUCT_NAME = "$(TARGET_NAME)";
				SWIFT_VERSION = 5.0;
				TARGETED_DEVICE_FAMILY = "1,2";
				TEST_TARGET_NAME = "Party Supplies";
			};
			name = Release;
		};
/* End XCBuildConfiguration section */

/* Begin XCConfigurationList section */
		E9F52FBD25520F320069243B /* Build configuration list for PBXProject "Party Supplies" */ = {
			isa = XCConfigurationList;
			buildConfigurations = (
				E9F52FEA25520F340069243B /* Debug */,
				E9F52FEB25520F340069243B /* Release */,
			);
			defaultConfigurationIsVisible = 0;
			defaultConfigurationName = Release;
		};
		E9F52FEC25520F340069243B /* Build configuration list for PBXNativeTarget "Party Supplies" */ = {
			isa = XCConfigurationList;
			buildConfigurations = (
				E9F52FED25520F340069243B /* Debug */,
				E9F52FEE25520F340069243B /* Release */,
			);
			defaultConfigurationIsVisible = 0;
			defaultConfigurationName = Release;
		};
		E9F52FEF25520F340069243B /* Build configuration list for PBXNativeTarget "Party SuppliesTests" */ = {
			isa = XCConfigurationList;
			buildConfigurations = (
				E9F52FF025520F340069243B /* Debug */,
				E9F52FF125520F340069243B /* Release */,
			);
			defaultConfigurationIsVisible = 0;
			defaultConfigurationName = Release;
		};
		E9F52FF225520F340069243B /* Build configuration list for PBXNativeTarget "Party SuppliesUITests" */ = {
			isa = XCConfigurationList;
			buildConfigurations = (
				E9F52FF325520F340069243B /* Debug */,
				E9F52FF425520F340069243B /* Release */,
			);
			defaultConfigurationIsVisible = 0;
			defaultConfigurationName = Release;
		};
/* End XCConfigurationList section */
	};
	rootObject = E9F52FBA25520F320069243B /* Project object */;
}
